
Microsoft Visual Studio Solution File, Format Version 12.00
# Visual Studio Version 17
VisualStudioVersion = 17.9.34714.143
MinimumVisualStudioVersion = 10.0.40219.1
Project("{FAE04EC0-301F-11D3-BF4B-00C04F79EFBC}") = "ЛР2_ЭСвЭ_1е", "ЛР2_ЭСвЭ_1е\ЛР2_ЭСвЭ_1е.csproj", "{4CCC7B27-236C-44D4-A76D-5BE54C255295}"
EndProject
Global
	GlobalSection(SolutionConfigurationPlatforms) = preSolution
		Debug|Any CPU = Debug|Any CPU
		Release|Any CPU = Release|Any CPU
	EndGlobalSection
	GlobalSection(ProjectConfigurationPlatforms) = postSolution
		{4CCC7B27-236C-44D4-A76D-5BE54C255295}.Debug|Any CPU.ActiveCfg = Debug|Any CPU
		{4CCC7B27-236C-44D4-A76D-5BE54C255295}.Debug|Any CPU.Build.0 = Debug|Any CPU
		{4CCC7B27-236C-44D4-A76D-5BE54C255295}.Release|Any CPU.ActiveCfg = Release|Any CPU
		{4CCC7B27-236C-44D4-A76D-5BE54C255295}.Release|Any CPU.Build.0 = Release|Any CPU
	EndGlobalSection
	GlobalSection(SolutionProperties) = preSolution
		HideSolutionNode = FALSE
	EndGlobalSection
	GlobalSection(ExtensibilityGlobals) = postSolution
		SolutionGuid = {941C6F13-4B97-4887-BA01-8110202A0083}
	EndGlobalSection
EndGlobal
